{
  "name": "backend",
  "version": "1.0.0",
  "lockfileVersion": 2,
  "requires": true,
  "packages": {
    "": {
      "name": "backend",
      "version": "1.0.0",
      "license": "ISC",
      "dependencies": {
        "@rdfjs/dataset": "^2.0.1",
        "memdown": "^6.1.1",
        "quadstore": "^10.0.0",
        "quadstore-comunica": "^2.0.0",
        "rdf-data-factory": "^1.1.0"
      }
    },
    "node_modules/@rdfjs/dataset": {
      "version": "2.0.1",
      "resolved": "https://registry.npmjs.org/@rdfjs/dataset/-/dataset-2.0.1.tgz",
      "integrity": "sha512-hDIaXpUmU/ZdofX/BMFDAchkhN/AjmP5dMCOuVL2VCqWuFjeQxd2KV84E4+7S2Biw8tjEFhPBeQZP7KW+ARV7Q==",
      "bin": {
        "rdfjs-dataset-test": "bin/test.js"
      }
    },
    "node_modules/@rdfjs/types": {
      "version": "1.1.0",
      "resolved": "https://registry.npmjs.org/@rdfjs/types/-/types-1.1.0.tgz",
      "integrity": "sha512-5zm8bN2/CC634dTcn/0AhTRLaQRjXDZs3QfcAsQKNturHT7XVWcKy/8p3P5gXl+YkZTAmy7T5M/LyiT/jbkENw==",
      "dependencies": {
        "@types/node": "*"
      }
    },
    "node_modules/@types/node": {
      "version": "18.0.0",
      "resolved": "https://registry.npmjs.org/@types/node/-/node-18.0.0.tgz",
      "integrity": "sha512-cHlGmko4gWLVI27cGJntjs/Sj8th9aYwplmZFwmmgYQQvL5NUsgVJG7OddLvNfLqYS31KFN0s3qlaD9qCaxACA=="
    },
    "node_modules/abstract-leveldown": {
      "version": "7.2.0",
      "resolved": "https://registry.npmjs.org/abstract-leveldown/-/abstract-leveldown-7.2.0.tgz",
      "integrity": "sha512-DnhQwcFEaYsvYDnACLZhMmCWd3rkOeEvglpa4q5i/5Jlm3UIsWaxVzuXvDLFCSCWRO3yy2/+V/G7FusFgejnfQ==",
      "dependencies": {
        "buffer": "^6.0.3",
        "catering": "^2.0.0",
        "is-buffer": "^2.0.5",
        "level-concat-iterator": "^3.0.0",
        "level-supports": "^2.0.1",
        "queue-microtask": "^1.2.3"
      },
      "engines": {
        "node": ">=10"
      }
    },
    "node_modules/asynciterator": {
      "version": "3.4.0",
      "resolved": "https://registry.npmjs.org/asynciterator/-/asynciterator-3.4.0.tgz",
      "integrity": "sha512-jFuvnCHjUAyW33E3zpZhQxBM3SDuyxkDwtjhXD27WKwB/7UrZHaDAia7ZbqL94zLbUGhgxhO0vfopTLi7Jcrig=="
    },
    "node_modules/base64-js": {
      "version": "1.5.1",
      "resolved": "https://registry.npmjs.org/base64-js/-/base64-js-1.5.1.tgz",
      "integrity": "sha512-AKpaYlHn8t4SVbOHCy+b5+KKgvR4vrsD8vbvrbiQJps7fKDTkjkDry6ji0rUJjC0kzbNePLwzxq8iypo41qeWA==",
      "funding": [
        {
          "type": "github",
          "url": "https://github.com/sponsors/feross"
        },
        {
          "type": "patreon",
          "url": "https://www.patreon.com/feross"
        },
        {
          "type": "consulting",
          "url": "https://feross.org/support"
        }
      ]
    },
    "node_modules/buffer": {
      "version": "6.0.3",
      "resolved": "https://registry.npmjs.org/buffer/-/buffer-6.0.3.tgz",
      "integrity": "sha512-FTiCpNxtwiZZHEZbcbTIcZjERVICn9yq/pDFkTl95/AxzD1naBctN7YO68riM/gLSDY7sdrMby8hofADYuuqOA==",
      "funding": [
        {
          "type": "github",
          "url": "https://github.com/sponsors/feross"
        },
        {
          "type": "patreon",
          "url": "https://www.patreon.com/feross"
        },
        {
          "type": "consulting",
          "url": "https://feross.org/support"
        }
      ],
      "dependencies": {
        "base64-js": "^1.3.1",
        "ieee754": "^1.2.1"
      }
    },
    "node_modules/catering": {
      "version": "2.1.1",
      "resolved": "https://registry.npmjs.org/catering/-/catering-2.1.1.tgz",
      "integrity": "sha512-K7Qy8O9p76sL3/3m7/zLKbRkyOlSZAgzEaLhyj2mXS8PsCud2Eo4hAb8aLtZqHh0QGqLcb9dlJSu6lHRVENm1w==",
      "engines": {
        "node": ">=6"
      }
    },
    "node_modules/functional-red-black-tree": {
      "version": "1.0.1",
      "resolved": "https://registry.npmjs.org/functional-red-black-tree/-/functional-red-black-tree-1.0.1.tgz",
      "integrity": "sha512-dsKNQNdj6xA3T+QlADDA7mOSlX0qiMINjn0cgr+eGHGsbSHzTabcIogz2+p/iqP1Xs6EP/sS2SbqH+brGTbq0g=="
    },
    "node_modules/ieee754": {
      "version": "1.2.1",
      "resolved": "https://registry.npmjs.org/ieee754/-/ieee754-1.2.1.tgz",
      "integrity": "sha512-dcyqhDvX1C46lXZcVqCpK+FtMRQVdIMN6/Df5js2zouUsqG7I6sFxitIC+7KYK29KdXOLHdu9zL4sFnoVQnqaA==",
      "funding": [
        {
          "type": "github",
          "url": "https://github.com/sponsors/feross"
        },
        {
          "type": "patreon",
          "url": "https://www.patreon.com/feross"
        },
        {
          "type": "consulting",
          "url": "https://feross.org/support"
        }
      ]
    },
    "node_modules/inherits": {
      "version": "2.0.4",
      "resolved": "https://registry.npmjs.org/inherits/-/inherits-2.0.4.tgz",
      "integrity": "sha512-k/vGaX4/Yla3WzyMCvTQOXYeIHvqOKtnqBduzTHpzpQZzAskKMhZ2K+EnBiSM9zGSoIFeMpXKxa4dYeZIQqewQ=="
    },
    "node_modules/is-buffer": {
      "version": "2.0.5",
      "resolved": "https://registry.npmjs.org/is-buffer/-/is-buffer-2.0.5.tgz",
      "integrity": "sha512-i2R6zNFDwgEHJyQUtJEk0XFi1i0dPFn/oqjK3/vPCcDeJvW5NQ83V8QbicfF1SupOaB0h8ntgBC2YiE7dfyctQ==",
      "funding": [
        {
          "type": "github",
          "url": "https://github.com/sponsors/feross"
        },
        {
          "type": "patreon",
          "url": "https://www.patreon.com/feross"
        },
        {
          "type": "consulting",
          "url": "https://feross.org/support"
        }
      ],
      "engines": {
        "node": ">=4"
      }
    },
    "node_modules/js-sorted-set": {
      "version": "0.7.0",
      "resolved": "https://registry.npmjs.org/js-sorted-set/-/js-sorted-set-0.7.0.tgz",
      "integrity": "sha512-NGTSMeoLNYR2BoTLhQ6w+u7Ox4PO34omb/0OBCy4gyedWeXolMGv948Ato0/Of6tfxsAjeySDymCkAj93/xkeA=="
    },
    "node_modules/level-concat-iterator": {
      "version": "3.1.0",
      "resolved": "https://registry.npmjs.org/level-concat-iterator/-/level-concat-iterator-3.1.0.tgz",
      "integrity": "sha512-BWRCMHBxbIqPxJ8vHOvKUsaO0v1sLYZtjN3K2iZJsRBYtp+ONsY6Jfi6hy9K3+zolgQRryhIn2NRZjZnWJ9NmQ==",
      "dependencies": {
        "catering": "^2.1.0"
      },
      "engines": {
        "node": ">=10"
      }
    },
    "node_modules/level-supports": {
      "version": "2.1.0",
      "resolved": "https://registry.npmjs.org/level-supports/-/level-supports-2.1.0.tgz",
      "integrity": "sha512-E486g1NCjW5cF78KGPrMDRBYzPuueMZ6VBXHT6gC7A8UYWGiM14fGgp+s/L1oFfDWSPV/+SFkYCmZ0SiESkRKA==",
      "engines": {
        "node": ">=10"
      }
    },
    "node_modules/ltgt": {
      "version": "2.2.1",
      "resolved": "https://registry.npmjs.org/ltgt/-/ltgt-2.2.1.tgz",
      "integrity": "sha512-AI2r85+4MquTw9ZYqabu4nMwy9Oftlfa/e/52t9IjtfG+mGBbTNdAoZ3RQKLHR6r0wQnwZnPIEh/Ya6XTWAKNA=="
    },
    "node_modules/memdown": {
      "version": "6.1.1",
      "resolved": "https://registry.npmjs.org/memdown/-/memdown-6.1.1.tgz",
      "integrity": "sha512-vh2RiuVrn6Vv73088C1KzLwy9+hhRwoZsgddYqIoVuFFrcoc2Rt+lq/KrmkFn6ulko7AtQ0AvqtYid35exb38A==",
      "dependencies": {
        "abstract-leveldown": "^7.2.0",
        "buffer": "^6.0.3",
        "functional-red-black-tree": "^1.0.1",
        "inherits": "^2.0.1",
        "ltgt": "^2.2.0"
      },
      "engines": {
        "node": ">=10"
      }
    },
    "node_modules/quadstore": {
      "version": "10.0.0",
      "resolved": "https://registry.npmjs.org/quadstore/-/quadstore-10.0.0.tgz",
      "integrity": "sha512-g4dL26FbSjDTqucZ/2P6FPIfQwv7cdsgs+zq6wpThZp37WSoX2AwgNQ/mPZx3H5Jj02AYqfHcLoU+MOjHfFE1g==",
      "dependencies": {
        "asynciterator": "^3.3.0",
        "js-sorted-set": "^0.7.0"
      },
      "engines": {
        "node": ">=12.0.0"
      }
    },
    "node_modules/quadstore-comunica": {
      "version": "2.0.0",
      "resolved": "https://registry.npmjs.org/quadstore-comunica/-/quadstore-comunica-2.0.0.tgz",
      "integrity": "sha512-s65fv8Om+83oT/lQOZP2hXFZYuz2raEm6wkdDhzlsG/Z2dYniDzSTp3Hqx6az4MnWZJ7cJaVBQ/v8VDNbQut0Q==",
      "dependencies": {
        "@rdfjs/types": "^1.1.0"
      },
      "engines": {
        "node": ">=14.0.0"
      },
      "peerDependencies": {
        "asynciterator": "^3.3.0",
        "quadstore": "^10.0.0"
      }
    },
    "node_modules/queue-microtask": {
      "version": "1.2.3",
      "resolved": "https://registry.npmjs.org/queue-microtask/-/queue-microtask-1.2.3.tgz",
      "integrity": "sha512-NuaNSa6flKT5JaSYQzJok04JzTL1CA6aGhv5rfLW3PgqA+M2ChpZQnAC8h8i4ZFkBS8X5RqkDBHA7r4hej3K9A==",
      "funding": [
        {
          "type": "github",
          "url": "https://github.com/sponsors/feross"
        },
        {
          "type": "patreon",
          "url": "https://www.patreon.com/feross"
        },
        {
          "type": "consulting",
          "url": "https://feross.org/support"
        }
      ]
    },
    "node_modules/rdf-data-factory": {
      "version": "1.1.0",
      "resolved": "https://registry.npmjs.org/rdf-data-factory/-/rdf-data-factory-1.1.0.tgz",
      "integrity": "sha512-g8feOVZ/KL1OK2Pco/jDBDFh4m29QDsOOD+rWloG9qFvIzRFchGy2CviLUX491E0ByewXxMpaq/A3zsWHQA16A==",
      "dependencies": {
        "@rdfjs/types": "*"
      }
    }
  },
  "dependencies": {
    "@rdfjs/dataset": {
      "version": "2.0.1",
      "resolved": "https://registry.npmjs.org/@rdfjs/dataset/-/dataset-2.0.1.tgz",
      "integrity": "sha512-hDIaXpUmU/ZdofX/BMFDAchkhN/AjmP5dMCOuVL2VCqWuFjeQxd2KV84E4+7S2Biw8tjEFhPBeQZP7KW+ARV7Q=="
    },
    "@rdfjs/types": {
      "version": "1.1.0",
      "resolved": "https://registry.npmjs.org/@rdfjs/types/-/types-1.1.0.tgz",
      "integrity": "sha512-5zm8bN2/CC634dTcn/0AhTRLaQRjXDZs3QfcAsQKNturHT7XVWcKy/8p3P5gXl+YkZTAmy7T5M/LyiT/jbkENw==",
      "requires": {
        "@types/node": "*"
      }
    },
    "@types/node": {
      "version": "18.0.0",
      "resolved": "https://registry.npmjs.org/@types/node/-/node-18.0.0.tgz",
      "integrity": "sha512-cHlGmko4gWLVI27cGJntjs/Sj8th9aYwplmZFwmmgYQQvL5NUsgVJG7OddLvNfLqYS31KFN0s3qlaD9qCaxACA=="
    },
    "abstract-leveldown": {
      "version": "7.2.0",
      "resolved": "https://registry.npmjs.org/abstract-leveldown/-/abstract-leveldown-7.2.0.tgz",
      "integrity": "sha512-DnhQwcFEaYsvYDnACLZhMmCWd3rkOeEvglpa4q5i/5Jlm3UIsWaxVzuXvDLFCSCWRO3yy2/+V/G7FusFgejnfQ==",
      "requires": {
        "buffer": "^6.0.3",
        "catering": "^2.0.0",
        "is-buffer": "^2.0.5",
        "level-concat-iterator": "^3.0.0",
        "level-supports": "^2.0.1",
        "queue-microtask": "^1.2.3"
      }
    },
    "asynciterator": {
      "version": "3.4.0",
      "resolved": "https://registry.npmjs.org/asynciterator/-/asynciterator-3.4.0.tgz",
      "integrity": "sha512-jFuvnCHjUAyW33E3zpZhQxBM3SDuyxkDwtjhXD27WKwB/7UrZHaDAia7ZbqL94zLbUGhgxhO0vfopTLi7Jcrig=="
    },
    "base64-js": {
      "version": "1.5.1",
      "resolved": "https://registry.npmjs.org/base64-js/-/base64-js-1.5.1.tgz",
      "integrity": "sha512-AKpaYlHn8t4SVbOHCy+b5+KKgvR4vrsD8vbvrbiQJps7fKDTkjkDry6ji0rUJjC0kzbNePLwzxq8iypo41qeWA=="
    },
    "buffer": {
      "version": "6.0.3",
      "resolved": "https://registry.npmjs.org/buffer/-/buffer-6.0.3.tgz",
      "integrity": "sha512-FTiCpNxtwiZZHEZbcbTIcZjERVICn9yq/pDFkTl95/AxzD1naBctN7YO68riM/gLSDY7sdrMby8hofADYuuqOA==",
      "requires": {
        "base64-js": "^1.3.1",
        "ieee754": "^1.2.1"
      }
    },
    "catering": {
      "version": "2.1.1",
      "resolved": "https://registry.npmjs.org/catering/-/catering-2.1.1.tgz",
      "integrity": "sha512-K7Qy8O9p76sL3/3m7/zLKbRkyOlSZAgzEaLhyj2mXS8PsCud2Eo4hAb8aLtZqHh0QGqLcb9dlJSu6lHRVENm1w=="
    },
    "functional-red-black-tree": {
      "version": "1.0.1",
      "resolved": "https://registry.npmjs.org/functional-red-black-tree/-/functional-red-black-tree-1.0.1.tgz",
      "integrity": "sha512-dsKNQNdj6xA3T+QlADDA7mOSlX0qiMINjn0cgr+eGHGsbSHzTabcIogz2+p/iqP1Xs6EP/sS2SbqH+brGTbq0g=="
    },
    "ieee754": {
      "version": "1.2.1",
      "resolved": "https://registry.npmjs.org/ieee754/-/ieee754-1.2.1.tgz",
      "integrity": "sha512-dcyqhDvX1C46lXZcVqCpK+FtMRQVdIMN6/Df5js2zouUsqG7I6sFxitIC+7KYK29KdXOLHdu9zL4sFnoVQnqaA=="
    },
    "inherits": {
      "version": "2.0.4",
      "resolved": "https://registry.npmjs.org/inherits/-/inherits-2.0.4.tgz",
      "integrity": "sha512-k/vGaX4/Yla3WzyMCvTQOXYeIHvqOKtnqBduzTHpzpQZzAskKMhZ2K+EnBiSM9zGSoIFeMpXKxa4dYeZIQqewQ=="
    },
    "is-buffer": {
      "version": "2.0.5",
      "resolved": "https://registry.npmjs.org/is-buffer/-/is-buffer-2.0.5.tgz",
      "integrity": "sha512-i2R6zNFDwgEHJyQUtJEk0XFi1i0dPFn/oqjK3/vPCcDeJvW5NQ83V8QbicfF1SupOaB0h8ntgBC2YiE7dfyctQ=="
    },
    "js-sorted-set": {
      "version": "0.7.0",
      "resolved": "https://registry.npmjs.org/js-sorted-set/-/js-sorted-set-0.7.0.tgz",
      "integrity": "sha512-NGTSMeoLNYR2BoTLhQ6w+u7Ox4PO34omb/0OBCy4gyedWeXolMGv948Ato0/Of6tfxsAjeySDymCkAj93/xkeA=="
    },
    "level-concat-iterator": {
      "version": "3.1.0",
      "resolved": "https://registry.npmjs.org/level-concat-iterator/-/level-concat-iterator-3.1.0.tgz",
      "integrity": "sha512-BWRCMHBxbIqPxJ8vHOvKUsaO0v1sLYZtjN3K2iZJsRBYtp+ONsY6Jfi6hy9K3+zolgQRryhIn2NRZjZnWJ9NmQ==",
      "requires": {
        "catering": "^2.1.0"
      }
    },
    "level-supports": {
      "version": "2.1.0",
      "resolved": "https://registry.npmjs.org/level-supports/-/level-supports-2.1.0.tgz",
      "integrity": "sha512-E486g1NCjW5cF78KGPrMDRBYzPuueMZ6VBXHT6gC7A8UYWGiM14fGgp+s/L1oFfDWSPV/+SFkYCmZ0SiESkRKA=="
    },
    "ltgt": {
      "version": "2.2.1",
      "resolved": "https://registry.npmjs.org/ltgt/-/ltgt-2.2.1.tgz",
      "integrity": "sha512-AI2r85+4MquTw9ZYqabu4nMwy9Oftlfa/e/52t9IjtfG+mGBbTNdAoZ3RQKLHR6r0wQnwZnPIEh/Ya6XTWAKNA=="
    },
    "memdown": {
      "version": "6.1.1",
      "resolved": "https://registry.npmjs.org/memdown/-/memdown-6.1.1.tgz",
      "integrity": "sha512-vh2RiuVrn6Vv73088C1KzLwy9+hhRwoZsgddYqIoVuFFrcoc2Rt+lq/KrmkFn6ulko7AtQ0AvqtYid35exb38A==",
      "requires": {
        "abstract-leveldown": "^7.2.0",
        "buffer": "^6.0.3",
        "functional-red-black-tree": "^1.0.1",
        "inherits": "^2.0.1",
        "ltgt": "^2.2.0"
      }
    },
    "quadstore": {
      "version": "10.0.0",
      "resolved": "https://registry.npmjs.org/quadstore/-/quadstore-10.0.0.tgz",
      "integrity": "sha512-g4dL26FbSjDTqucZ/2P6FPIfQwv7cdsgs+zq6wpThZp37WSoX2AwgNQ/mPZx3H5Jj02AYqfHcLoU+MOjHfFE1g==",
      "requires": {
        "asynciterator": "^3.3.0",
        "js-sorted-set": "^0.7.0"
      }
    },
    "quadstore-comunica": {
      "version": "2.0.0",
      "resolved": "https://registry.npmjs.org/quadstore-comunica/-/quadstore-comunica-2.0.0.tgz",
      "integrity": "sha512-s65fv8Om+83oT/lQOZP2hXFZYuz2raEm6wkdDhzlsG/Z2dYniDzSTp3Hqx6az4MnWZJ7cJaVBQ/v8VDNbQut0Q==",
      "requires": {
        "@rdfjs/types": "^1.1.0"
      }
    },
    "queue-microtask": {
      "version": "1.2.3",
      "resolved": "https://registry.npmjs.org/queue-microtask/-/queue-microtask-1.2.3.tgz",
      "integrity": "sha512-NuaNSa6flKT5JaSYQzJok04JzTL1CA6aGhv5rfLW3PgqA+M2ChpZQnAC8h8i4ZFkBS8X5RqkDBHA7r4hej3K9A=="
    },
    "rdf-data-factory": {
      "version": "1.1.0",
      "resolved": "https://registry.npmjs.org/rdf-data-factory/-/rdf-data-factory-1.1.0.tgz",
      "integrity": "sha512-g8feOVZ/KL1OK2Pco/jDBDFh4m29QDsOOD+rWloG9qFvIzRFchGy2CviLUX491E0ByewXxMpaq/A3zsWHQA16A==",
      "requires": {
        "@rdfjs/types": "*"
      }
    }
  }
}
